
Microsoft Visual Studio Solution File, Format Version 12.00
# Visual Studio 14
VisualStudioVersion = 14.0.23107.0
MinimumVisualStudioVersion = 10.0.40219.1
Project("{2150E333-8FDC-42A3-9474-1A3956D46DE8}") = "07-Clients", "07-Clients", "{7335F8F3-C240-40B1-855B-03A98DE2B87A}"
EndProject
Project("{FAE04EC0-301F-11D3-BF4B-00C04F79EFBC}") = "Hoang.AwesomeAngularJs.Clients.AngularPage", "AngularSite\Hoang.AwesomeAngularJs.Clients.AngularPage.csproj", "{AD840FC4-5060-4F16-A98E-EA3EA9F7DD9E}"
EndProject
Project("{2150E333-8FDC-42A3-9474-1A3956D46DE8}") = "01-Core", "01-Core", "{BBF241B7-B477-4CBA-AB76-369B87A180FE}"
EndProject
Project("{2150E333-8FDC-42A3-9474-1A3956D46DE8}") = "03-Infrastructure", "03-Infrastructure", "{805275AB-0E87-4027-ADDC-CC13755715D3}"
EndProject
Project("{FAE04EC0-301F-11D3-BF4B-00C04F79EFBC}") = "Hoang.AwesomeAngularJs.Clients.MVCPage", "MVCSite\Hoang.AwesomeAngularJs.Clients.MVCPage.csproj", "{C08C01F6-7998-4BE7-8172-408D7C503AC6}"
EndProject
Project("{2150E333-8FDC-42A3-9474-1A3956D46DE8}") = "01-1.Domain", "01-1.Domain", "{AFE685EC-7128-4609-A168-55F4CEB801DE}"
EndProject
Project("{2150E333-8FDC-42A3-9474-1A3956D46DE8}") = "01-2.Respositories", "01-2.Respositories", "{7CD7EA5E-780D-4EDB-80DE-A760F78D805A}"
EndProject
Project("{2150E333-8FDC-42A3-9474-1A3956D46DE8}") = "01-3.BusinessLogic", "01-3.BusinessLogic", "{B096D5F7-152B-4C6F-921C-82C91F46E92F}"
EndProject
Project("{2150E333-8FDC-42A3-9474-1A3956D46DE8}") = "03-4.Crosscutting", "03-4.Crosscutting", "{BFF719A7-2BE1-4E22-B417-83A0593C0DC0}"
EndProject
Project("{2150E333-8FDC-42A3-9474-1A3956D46DE8}") = "03-1.BusinessLogic", "03-1.BusinessLogic", "{23C24A73-D0F6-4475-AC65-0BD774837982}"
EndProject
Project("{2150E333-8FDC-42A3-9474-1A3956D46DE8}") = "03-2.Respositories", "03-2.Respositories", "{2C0058BE-9D99-4281-BDD7-FA4347EE2E30}"
EndProject
Project("{2150E333-8FDC-42A3-9474-1A3956D46DE8}") = "03-3.AutoMapper", "03-3.AutoMapper", "{C33E85E7-0D7C-4CF4-B3D0-3FFB99E45656}"
EndProject
Project("{FAE04EC0-301F-11D3-BF4B-00C04F79EFBC}") = "Hoang.AwesomeAngularJs.Core.Respositories", "Hoang.AwesomeAngularJs.Core.Respositories\Hoang.AwesomeAngularJs.Core.Respositories.csproj", "{77514DD6-5077-42C8-A0ED-01A9EF3AA6E5}"
EndProject
Project("{FAE04EC0-301F-11D3-BF4B-00C04F79EFBC}") = "Hoang.AwesomeAngularJs.Core.Domain", "Hoang.AwesomeAngularJs.Core.Domain\Hoang.AwesomeAngularJs.Core.Domain.csproj", "{DBBCE639-C9F4-42F4-A562-C53788CDFAB7}"
EndProject
Project("{FAE04EC0-301F-11D3-BF4B-00C04F79EFBC}") = "Hoang.AwesomeAngularJs.Core.BusinessLogic", "Hoang.AwesomeAngularJs.Core.BusinessLogic\Hoang.AwesomeAngularJs.Core.BusinessLogic.csproj", "{E839FAED-A078-49B2-A007-221A07FF0BD1}"
EndProject
Project("{FAE04EC0-301F-11D3-BF4B-00C04F79EFBC}") = "Hoang.AwesomeAngularJs.Infrastructure.BusinessLogic", "Hoang.AwesomeAngularJs.Infrastructure.BusinessLogic\Hoang.AwesomeAngularJs.Infrastructure.BusinessLogic.csproj", "{CD6F923F-9236-4F27-BD57-D6EDCCBA790E}"
EndProject
Global
	GlobalSection(SolutionConfigurationPlatforms) = preSolution
		Debug|Any CPU = Debug|Any CPU
		Release|Any CPU = Release|Any CPU
	EndGlobalSection
	GlobalSection(ProjectConfigurationPlatforms) = postSolution
		{AD840FC4-5060-4F16-A98E-EA3EA9F7DD9E}.Debug|Any CPU.ActiveCfg = Debug|Any CPU
		{AD840FC4-5060-4F16-A98E-EA3EA9F7DD9E}.Debug|Any CPU.Build.0 = Debug|Any CPU
		{AD840FC4-5060-4F16-A98E-EA3EA9F7DD9E}.Release|Any CPU.ActiveCfg = Release|Any CPU
		{AD840FC4-5060-4F16-A98E-EA3EA9F7DD9E}.Release|Any CPU.Build.0 = Release|Any CPU
		{C08C01F6-7998-4BE7-8172-408D7C503AC6}.Debug|Any CPU.ActiveCfg = Debug|Any CPU
		{C08C01F6-7998-4BE7-8172-408D7C503AC6}.Debug|Any CPU.Build.0 = Debug|Any CPU
		{C08C01F6-7998-4BE7-8172-408D7C503AC6}.Release|Any CPU.ActiveCfg = Release|Any CPU
		{C08C01F6-7998-4BE7-8172-408D7C503AC6}.Release|Any CPU.Build.0 = Release|Any CPU
		{77514DD6-5077-42C8-A0ED-01A9EF3AA6E5}.Debug|Any CPU.ActiveCfg = Debug|Any CPU
		{77514DD6-5077-42C8-A0ED-01A9EF3AA6E5}.Debug|Any CPU.Build.0 = Debug|Any CPU
		{77514DD6-5077-42C8-A0ED-01A9EF3AA6E5}.Release|Any CPU.ActiveCfg = Release|Any CPU
		{77514DD6-5077-42C8-A0ED-01A9EF3AA6E5}.Release|Any CPU.Build.0 = Release|Any CPU
		{DBBCE639-C9F4-42F4-A562-C53788CDFAB7}.Debug|Any CPU.ActiveCfg = Debug|Any CPU
		{DBBCE639-C9F4-42F4-A562-C53788CDFAB7}.Debug|Any CPU.Build.0 = Debug|Any CPU
		{DBBCE639-C9F4-42F4-A562-C53788CDFAB7}.Release|Any CPU.ActiveCfg = Release|Any CPU
		{DBBCE639-C9F4-42F4-A562-C53788CDFAB7}.Release|Any CPU.Build.0 = Release|Any CPU
		{E839FAED-A078-49B2-A007-221A07FF0BD1}.Debug|Any CPU.ActiveCfg = Debug|Any CPU
		{E839FAED-A078-49B2-A007-221A07FF0BD1}.Debug|Any CPU.Build.0 = Debug|Any CPU
		{E839FAED-A078-49B2-A007-221A07FF0BD1}.Release|Any CPU.ActiveCfg = Release|Any CPU
		{E839FAED-A078-49B2-A007-221A07FF0BD1}.Release|Any CPU.Build.0 = Release|Any CPU
		{CD6F923F-9236-4F27-BD57-D6EDCCBA790E}.Debug|Any CPU.ActiveCfg = Debug|Any CPU
		{CD6F923F-9236-4F27-BD57-D6EDCCBA790E}.Debug|Any CPU.Build.0 = Debug|Any CPU
		{CD6F923F-9236-4F27-BD57-D6EDCCBA790E}.Release|Any CPU.ActiveCfg = Release|Any CPU
		{CD6F923F-9236-4F27-BD57-D6EDCCBA790E}.Release|Any CPU.Build.0 = Release|Any CPU
	EndGlobalSection
	GlobalSection(SolutionProperties) = preSolution
		HideSolutionNode = FALSE
	EndGlobalSection
	GlobalSection(NestedProjects) = preSolution
		{AD840FC4-5060-4F16-A98E-EA3EA9F7DD9E} = {7335F8F3-C240-40B1-855B-03A98DE2B87A}
		{C08C01F6-7998-4BE7-8172-408D7C503AC6} = {7335F8F3-C240-40B1-855B-03A98DE2B87A}
		{AFE685EC-7128-4609-A168-55F4CEB801DE} = {BBF241B7-B477-4CBA-AB76-369B87A180FE}
		{7CD7EA5E-780D-4EDB-80DE-A760F78D805A} = {BBF241B7-B477-4CBA-AB76-369B87A180FE}
		{B096D5F7-152B-4C6F-921C-82C91F46E92F} = {BBF241B7-B477-4CBA-AB76-369B87A180FE}
		{BFF719A7-2BE1-4E22-B417-83A0593C0DC0} = {805275AB-0E87-4027-ADDC-CC13755715D3}
		{23C24A73-D0F6-4475-AC65-0BD774837982} = {805275AB-0E87-4027-ADDC-CC13755715D3}
		{2C0058BE-9D99-4281-BDD7-FA4347EE2E30} = {805275AB-0E87-4027-ADDC-CC13755715D3}
		{C33E85E7-0D7C-4CF4-B3D0-3FFB99E45656} = {805275AB-0E87-4027-ADDC-CC13755715D3}
		{77514DD6-5077-42C8-A0ED-01A9EF3AA6E5} = {7CD7EA5E-780D-4EDB-80DE-A760F78D805A}
		{DBBCE639-C9F4-42F4-A562-C53788CDFAB7} = {AFE685EC-7128-4609-A168-55F4CEB801DE}
		{E839FAED-A078-49B2-A007-221A07FF0BD1} = {B096D5F7-152B-4C6F-921C-82C91F46E92F}
		{CD6F923F-9236-4F27-BD57-D6EDCCBA790E} = {23C24A73-D0F6-4475-AC65-0BD774837982}
	EndGlobalSection
EndGlobal
